
Microsoft Visual Studio Solution File, Format Version 12.00
# Visual Studio Version 17
VisualStudioVersion = 17.7.34031.279
MinimumVisualStudioVersion = 10.0.40219.1
Project("{8BC9CEB8-8B4A-11D0-8D11-00A0C91BC942}") = "ZadaniaDomoweZestaw4", "ZadaniaDomoweZestaw4\ZadaniaDomoweZestaw4.vcxproj", "{92B9626D-3B39-4F82-8165-7C14AF85ADEC}"
EndProject
Global
	GlobalSection(SolutionConfigurationPlatforms) = preSolution
		Debug|x64 = Debug|x64
		Debug|x86 = Debug|x86
		Release|x64 = Release|x64
		Release|x86 = Release|x86
	EndGlobalSection
	GlobalSection(ProjectConfigurationPlatforms) = postSolution
		{92B9626D-3B39-4F82-8165-7C14AF85ADEC}.Debug|x64.ActiveCfg = Debug|x64
		{92B9626D-3B39-4F82-8165-7C14AF85ADEC}.Debug|x64.Build.0 = Debug|x64
		{92B9626D-3B39-4F82-8165-7C14AF85ADEC}.Debug|x86.ActiveCfg = Debug|Win32
		{92B9626D-3B39-4F82-8165-7C14AF85ADEC}.Debug|x86.Build.0 = Debug|Win32
		{92B9626D-3B39-4F82-8165-7C14AF85ADEC}.Release|x64.ActiveCfg = Release|x64
		{92B9626D-3B39-4F82-8165-7C14AF85ADEC}.Release|x64.Build.0 = Release|x64
		{92B9626D-3B39-4F82-8165-7C14AF85ADEC}.Release|x86.ActiveCfg = Release|Win32
		{92B9626D-3B39-4F82-8165-7C14AF85ADEC}.Release|x86.Build.0 = Release|Win32
	EndGlobalSection
	GlobalSection(SolutionProperties) = preSolution
		HideSolutionNode = FALSE
	EndGlobalSection
	GlobalSection(ExtensibilityGlobals) = postSolution
		SolutionGuid = {8701963A-15CE-44BD-B05B-07F838056249}
	EndGlobalSection
EndGlobal
